// !$*UTF8*$!
{
	archiveVersion = 1;
	classes = {
	};
	objectVersion = 46;
	objects = {

/* Begin PBXBuildFile section */
		2BD696821D6AD81B00A93251 /* main.m in Sources */ = {isa = PBXBuildFile; fileRef = 2BD696811D6AD81B00A93251 /* main.m */; };
		2BD696851D6AD81B00A93251 /* AppDelegate.m in Sources */ = {isa = PBXBuildFile; fileRef = 2BD696841D6AD81B00A93251 /* AppDelegate.m */; };
		2BD696881D6AD81B00A93251 /* ViewController.m in Sources */ = {isa = PBXBuildFile; fileRef = 2BD696871D6AD81B00A93251 /* ViewController.m */; };
		2BD6968B1D6AD81B00A93251 /* Main.storyboard in Resources */ = {isa = PBXBuildFile; fileRef = 2BD696891D6AD81B00A93251 /* Main.storyboard */; };
		2BD6968D1D6AD81B00A93251 /* Assets.xcassets in Resources */ = {isa = PBXBuildFile; fileRef = 2BD6968C1D6AD81B00A93251 /* Assets.xcassets */; };
		2BD696901D6AD81B00A93251 /* LaunchScreen.storyboard in Resources */ = {isa = PBXBuildFile; fileRef = 2BD6968E1D6AD81B00A93251 /* LaunchScreen.storyboard */; };
/* End PBXBuildFile section */

/* Begin PBXFileReference section */
		2BD6967D1D6AD81B00A93251 /* Quartz2D.app */ = {isa = PBXFileReference; explicitFileType = wrapper.application; includeInIndex = 0; path = Quartz2D.app; sourceTree = BUILT_PRODUCTS_DIR; };
		2BD696811D6AD81B00A93251 /* main.m */ = {isa = PBXFileReference; lastKnownFileType = sourcecode.c.objc; path = main.m; sourceTree = "<group>"; };
		2BD696831D6AD81B00A93251 /* AppDelegate.h */ = {isa = PBXFileReference; lastKnownFileType = sourcecode.c.h; path = AppDelegate.h; sourceTree = "<group>"; };
		2BD696841D6AD81B00A93251 /* AppDelegate.m */ = {isa = PBXFileReference; lastKnownFileType = sourcecode.c.objc; path = AppDelegate.m; sourceTree = "<group>"; };
		2BD696861D6AD81B00A93251 /* ViewController.h */ = {isa = PBXFileReference; lastKnownFileType = sourcecode.c.h; path = ViewController.h; sourceTree = "<group>"; };
		2BD696871D6AD81B00A93251 /* ViewController.m */ = {isa = PBXFileReference; lastKnownFileType = sourcecode.c.objc; path = ViewController.m; sourceTree = "<group>"; };
		2BD6968A1D6AD81B00A93251 /* Base */ = {isa = PBXFileReference; lastKnownFileType = file.storyboard; name = Base; path = Base.lproj/Main.storyboard; sourceTree = "<group>"; };
		2BD6968C1D6AD81B00A93251 /* Assets.xcassets */ = {isa = PBXFileReference; lastKnownFileType = folder.assetcatalog; path = Assets.xcassets; sourceTree = "<group>"; };
		2BD6968F1D6AD81B00A93251 /* Base */ = {isa = PBXFileReference; lastKnownFileType = file.storyboard; name = Base; path = Base.lproj/LaunchScreen.storyboard; sourceTree = "<group>"; };
		2BD696911D6AD81B00A93251 /* Info.plist */ = {isa = PBXFileReference; lastKnownFileType = text.plist.xml; path = Info.plist; sourceTree = "<group>"; };
/* End PBXFileReference section */

/* Begin PBXFrameworksBuildPhase section */
		2BD6967A1D6AD81B00A93251 /* Frameworks */ = {
			isa = PBXFrameworksBuildPhase;
			buildActionMask = 2147483647;
			files = (
			);
			runOnlyForDeploymentPostprocessing = 0;
		};
/* End PBXFrameworksBuildPhase section */

/* Begin PBXGroup section */
		2BD696741D6AD81B00A93251 = {
			isa = PBXGroup;
			children = (
				2BD6967F1D6AD81B00A93251 /* Quartz2D */,
				2BD6967E1D6AD81B00A93251 /* Products */,
			);
			sourceTree = "<group>";
		};
		2BD6967E1D6AD81B00A93251 /* Products */ = {
			isa = PBXGroup;
			children = (
				2BD6967D1D6AD81B00A93251 /* Quartz2D.app */,
			);
			name = Products;
			sourceTree = "<group>";
		};
		2BD6967F1D6AD81B00A93251 /* Quartz2D */ = {
			isa = PBXGroup;
			children = (
				2BD696831D6AD81B00A93251 /* AppDelegate.h */,
				2BD696841D6AD81B00A93251 /* AppDelegate.m */,
				2BD696861D6AD81B00A93251 /* ViewController.h */,
				2BD696871D6AD81B00A93251 /* ViewController.m */,
				2BD696891D6AD81B00A93251 /* Main.storyboard */,
				2BD6968C1D6AD81B00A93251 /* Assets.xcassets */,
				2BD6968E1D6AD81B00A93251 /* LaunchScreen.storyboard */,
				2BD696911D6AD81B00A93251 /* Info.plist */,
				2BD696801D6AD81B00A93251 /* Supporting Files */,
			);
			path = Quartz2D;
			sourceTree = "<group>";
		};
		2BD696801D6AD81B00A93251 /* Supporting Files */ = {
			isa = PBXGroup;
			children = (
				2BD696811D6AD81B00A93251 /* main.m */,
			);
			name = "Supporting Files";
			sourceTree = "<group>";
		};
/* End PBXGroup section */

/* Begin PBXNativeTarget section */
		2BD6967C1D6AD81B00A93251 /* Quartz2D */ = {
			isa = PBXNativeTarget;
			buildConfigurationList = 2BD696941D6AD81B00A93251 /* Build configuration list for PBXNativeTarget "Quartz2D" */;
			buildPhases = (
				2BD696791D6AD81B00A93251 /* Sources */,
				2BD6967A1D6AD81B00A93251 /* Frameworks */,
				2BD6967B1D6AD81B00A93251 /* Resources */,
			);
			buildRules = (
			);
			dependencies = (
			);
			name = Quartz2D;
			productName = Quartz2D;
			productReference = 2BD6967D1D6AD81B00A93251 /* Quartz2D.app */;
			productType = "com.apple.product-type.application";
		};
/* End PBXNativeTarget section */

/* Begin PBXProject section */
		2BD696751D6AD81B00A93251 /* Project object */ = {
			isa = PBXProject;
			attributes = {
				LastUpgradeCheck = 0730;
				ORGANIZATIONNAME = tao;
				TargetAttributes = {
					2BD6967C1D6AD81B00A93251 = {
						CreatedOnToolsVersion = 7.3.1;
					};
				};
			};
			buildConfigurationList = 2BD696781D6AD81B00A93251 /* Build configuration list for PBXProject "Quartz2D" */;
			compatibilityVersion = "Xcode 3.2";
			developmentRegion = English;
			hasScannedForEncodings = 0;
			knownRegions = (
				en,
				Base,
			);
			mainGroup = 2BD696741D6AD81B00A93251;
			productRefGroup = 2BD6967E1D6AD81B00A93251 /* Products */;
			projectDirPath = "";
			projectRoot = "";
			targets = (
				2BD6967C1D6AD81B00A93251 /* Quartz2D */,
			);
		};
/* End PBXProject section */

/* Begin PBXResourcesBuildPhase section */
		2BD6967B1D6AD81B00A93251 /* Resources */ = {
			isa = PBXResourcesBuildPhase;
			buildActionMask = 2147483647;
			files = (
				2BD696901D6AD81B00A93251 /* LaunchScreen.storyboard in Resources */,
				2BD6968D1D6AD81B00A93251 /* Assets.xcassets in Resources */,
				2BD6968B1D6AD81B00A93251 /* Main.storyboard in Resources */,
			);
			runOnlyForDeploymentPostprocessing = 0;
		};
/* End PBXResourcesBuildPhase section */

/* Begin PBXSourcesBuildPhase section */
		2BD696791D6AD81B00A93251 /* Sources */ = {
			isa = PBXSourcesBuildPhase;
			buildActionMask = 2147483647;
			files = (
				2BD696881D6AD81B00A93251 /* ViewController.m in Sources */,
				2BD696851D6AD81B00A93251 /* AppDelegate.m in Sources */,
				2BD696821D6AD81B00A93251 /* main.m in Sources */,
			);
			runOnlyForDeploymentPostprocessing = 0;
		};
/* End PBXSourcesBuildPhase section */

/* Begin PBXVariantGroup section */
		2BD696891D6AD81B00A93251 /* Main.storyboard */ = {
			isa = PBXVariantGroup;
			children = (
				2BD6968A1D6AD81B00A93251 /* Base */,
			);
			name = Main.storyboard;
			sourceTree = "<group>";
		};
		2BD6968E1D6AD81B00A93251 /* LaunchScreen.storyboard */ = {
			isa = PBXVariantGroup;
			children = (
				2BD6968F1D6AD81B00A93251 /* Base */,
			);
			name = LaunchScreen.storyboard;
			sourceTree = "<group>";
		};
/* End PBXVariantGroup section */

/* Begin XCBuildConfiguration section */
		2BD696921D6AD81B00A93251 /* Debug */ = {
			isa = XCBuildConfiguration;
			buildSettings = {
				ALWAYS_SEARCH_USER_PATHS = NO;
				CLANG_ANALYZER_NONNULL = YES;
				CLANG_CXX_LANGUAGE_STANDARD = "gnu++0x";
				CLANG_CXX_LIBRARY = "libc++";
				CLANG_ENABLE_MODULES = YES;
				CLANG_ENABLE_OBJC_ARC = YES;
				CLANG_WARN_BOOL_CONVERSION = YES;
				CLANG_WARN_CONSTANT_CONVERSION = YES;
				CLANG_WARN_DIRECT_OBJC_ISA_USAGE = YES_ERROR;
				CLANG_WARN_EMPTY_BODY = YES;
				CLANG_WARN_ENUM_CONVERSION = YES;
				CLANG_WARN_INT_CONVERSION = YES;
				CLANG_WARN_OBJC_ROOT_CLASS = YES_ERROR;
				CLANG_WARN_UNREACHABLE_CODE = YES;
				CLANG_WARN__DUPLICATE_METHOD_MATCH = YES;
				"CODE_SIGN_IDENTITY[sdk=iphoneos*]" = "iPhone Developer";
				COPY_PHASE_STRIP = NO;
				DEBUG_INFORMATION_FORMAT = dwarf;
				ENABLE_STRICT_OBJC_MSGSEND = YES;
				ENABLE_TESTABILITY = YES;
				GCC_C_LANGUAGE_STANDARD = gnu99;
				GCC_DYNAMIC_NO_PIC = NO;
				GCC_NO_COMMON_BLOCKS = YES;
				GCC_OPTIMIZATION_LEVEL = 0;
				GCC_PREPROCESSOR_DEFINITIONS = (
					"DEBUG=1",
					"$(inherited)",
				);
				GCC_WARN_64_TO_32_BIT_CONVERSION = YES;
				GCC_WARN_ABOUT_RETURN_TYPE = YES_ERROR;
				GCC_WARN_UNDECLARED_SELECTOR = YES;
				GCC_WARN_UNINITIALIZED_AUTOS = YES_AGGRESSIVE;
				GCC_WARN_UNUSED_FUNCTION = YES;
				GCC_WARN_UNUSED_VARIABLE = YES;
				IPHONEOS_DEPLOYMENT_TARGET = 9.3;
				MTL_ENABLE_DEBUG_INFO = YES;
				ONLY_ACTIVE_ARCH = YES;
				SDKROOT = iphoneos;
			};
			name = Debug;
		};
		2BD696931D6AD81B00A93251 /* Release */ = {
			isa = XCBuildConfiguration;
			buildSettings = {
				ALWAYS_SEARCH_USER_PATHS = NO;
				CLANG_ANALYZER_NONNULL = YES;
				CLANG_CXX_LANGUAGE_STANDARD = "gnu++0x";
				CLANG_CXX_LIBRARY = "libc++";
				CLANG_ENABLE_MODULES = YES;
				CLANG_ENABLE_OBJC_ARC = YES;
				CLANG_WARN_BOOL_CONVERSION = YES;
				CLANG_WARN_CONSTANT_CONVERSION = YES;
				CLANG_WARN_DIRECT_OBJC_ISA_USAGE = YES_ERROR;
				CLANG_WARN_EMPTY_BODY = YES;
				CLANG_WARN_ENUM_CONVERSION = YES;
				CLANG_WARN_INT_CONVERSION = YES;
				CLANG_WARN_OBJC_ROOT_CLASS = YES_ERROR;
				CLANG_WARN_UNREACHABLE_CODE = YES;
				CLANG_WARN__DUPLICATE_METHOD_MATCH = YES;
				"CODE_SIGN_IDENTITY[sdk=iphoneos*]" = "iPhone Developer";
				COPY_PHASE_STRIP = NO;
				DEBUG_INFORMATION_FORMAT = "dwarf-with-dsym";
				ENABLE_NS_ASSERTIONS = NO;
				ENABLE_STRICT_OBJC_MSGSEND = YES;
				GCC_C_LANGUAGE_STANDARD = gnu99;
				GCC_NO_COMMON_BLOCKS = YES;
				GCC_WARN_64_TO_32_BIT_CONVERSION = YES;
				GCC_WARN_ABOUT_RETURN_TYPE = YES_ERROR;
				GCC_WARN_UNDECLARED_SELECTOR = YES;
				GCC_WARN_UNINITIALIZED_AUTOS = YES_AGGRESSIVE;
				GCC_WARN_UNUSED_FUNCTION = YES;
				GCC_WARN_UNUSED_VARIABLE = YES;
				IPHONEOS_DEPLOYMENT_TARGET = 9.3;
				MTL_ENABLE_DEBUG_INFO = NO;
				SDKROOT = iphoneos;
				VALIDATE_PRODUCT = YES;
			};
			name = Release;
		};
		2BD696951D6AD81B00A93251 /* Debug */ = {
			isa = XCBuildConfiguration;
			buildSettings = {
				ASSETCATALOG_COMPILER_APPICON_NAME = AppIcon;
				INFOPLIST_FILE = Quartz2D/Info.plist;
				LD_RUNPATH_SEARCH_PATHS = "$(inherited) @executable_path/Frameworks";
				PRODUCT_BUNDLE_IDENTIFIER = yidian.Quartz2D;
				PRODUCT_NAME = "$(TARGET_NAME)";
			};
			name = Debug;
		};
		2BD696961D6AD81B00A93251 /* Release */ = {
			isa = XCBuildConfiguration;
			buildSettings = {
				ASSETCATALOG_COMPILER_APPICON_NAME = AppIcon;
				INFOPLIST_FILE = Quartz2D/Info.plist;
				LD_RUNPATH_SEARCH_PATHS = "$(inherited) @executable_path/Frameworks";
				PRODUCT_BUNDLE_IDENTIFIER = yidian.Quartz2D;
				PRODUCT_NAME = "$(TARGET_NAME)";
			};
			name = Release;
		};
/* End XCBuildConfiguration section */

/* Begin XCConfigurationList section */
		2BD696781D6AD81B00A93251 /* Build configuration list for PBXProject "Quartz2D" */ = {
			isa = XCConfigurationList;
			buildConfigurations = (
				2BD696921D6AD81B00A93251 /* Debug */,
				2BD696931D6AD81B00A93251 /* Release */,
			);
			defaultConfigurationIsVisible = 0;
			defaultConfigurationName = Release;
		};
		2BD696941D6AD81B00A93251 /* Build configuration list for PBXNativeTarget "Quartz2D" */ = {
			isa = XCConfigurationList;
			buildConfigurations = (
				2BD696951D6AD81B00A93251 /* Debug */,
				2BD696961D6AD81B00A93251 /* Release */,
			);
			defaultConfigurationIsVisible = 0;
		};
/* End XCConfigurationList section */
	};
	rootObject = 2BD696751D6AD81B00A93251 /* Project object */;
}
