// !$*UTF8*$!
{
	archiveVersion = 1;
	classes = {
	};
	objectVersion = 46;
	objects = {

/* Begin PBXBuildFile section */
		2BECB7BE1D47634F00338C40 /* main.m in Sources */ = {isa = PBXBuildFile; fileRef = 2BECB7BD1D47634F00338C40 /* main.m */; };
		2BECB7C11D47634F00338C40 /* AppDelegate.m in Sources */ = {isa = PBXBuildFile; fileRef = 2BECB7C01D47634F00338C40 /* AppDelegate.m */; };
		2BECB7C91D47634F00338C40 /* Assets.xcassets in Resources */ = {isa = PBXBuildFile; fileRef = 2BECB7C81D47634F00338C40 /* Assets.xcassets */; };
		2BECB7CC1D47634F00338C40 /* LaunchScreen.storyboard in Resources */ = {isa = PBXBuildFile; fileRef = 2BECB7CA1D47634F00338C40 /* LaunchScreen.storyboard */; };
		2BECB7D51D47638A00338C40 /* RootViewController.m in Sources */ = {isa = PBXBuildFile; fileRef = 2BECB7D41D47638A00338C40 /* RootViewController.m */; };
		2BECB7DC1D4769D800338C40 /* Main.storyboard in Resources */ = {isa = PBXBuildFile; fileRef = 2BECB7DB1D4769D800338C40 /* Main.storyboard */; };
		2BECB7F81D47870100338C40 /* SecondViewController.m in Sources */ = {isa = PBXBuildFile; fileRef = 2BECB7F71D47870100338C40 /* SecondViewController.m */; };
/* End PBXBuildFile section */

/* Begin PBXFileReference section */
		2BECB7B91D47634F00338C40 /* learnNavigationController.app */ = {isa = PBXFileReference; explicitFileType = wrapper.application; includeInIndex = 0; path = learnNavigationController.app; sourceTree = BUILT_PRODUCTS_DIR; };
		2BECB7BD1D47634F00338C40 /* main.m */ = {isa = PBXFileReference; lastKnownFileType = sourcecode.c.objc; path = main.m; sourceTree = "<group>"; };
		2BECB7BF1D47634F00338C40 /* AppDelegate.h */ = {isa = PBXFileReference; lastKnownFileType = sourcecode.c.h; path = AppDelegate.h; sourceTree = "<group>"; };
		2BECB7C01D47634F00338C40 /* AppDelegate.m */ = {isa = PBXFileReference; lastKnownFileType = sourcecode.c.objc; path = AppDelegate.m; sourceTree = "<group>"; };
		2BECB7C81D47634F00338C40 /* Assets.xcassets */ = {isa = PBXFileReference; lastKnownFileType = folder.assetcatalog; path = Assets.xcassets; sourceTree = "<group>"; };
		2BECB7CB1D47634F00338C40 /* Base */ = {isa = PBXFileReference; lastKnownFileType = file.storyboard; name = Base; path = Base.lproj/LaunchScreen.storyboard; sourceTree = "<group>"; };
		2BECB7CD1D47634F00338C40 /* Info.plist */ = {isa = PBXFileReference; lastKnownFileType = text.plist.xml; path = Info.plist; sourceTree = "<group>"; };
		2BECB7D31D47638A00338C40 /* RootViewController.h */ = {isa = PBXFileReference; fileEncoding = 4; lastKnownFileType = sourcecode.c.h; path = RootViewController.h; sourceTree = "<group>"; };
		2BECB7D41D47638A00338C40 /* RootViewController.m */ = {isa = PBXFileReference; fileEncoding = 4; lastKnownFileType = sourcecode.c.objc; path = RootViewController.m; sourceTree = "<group>"; };
		2BECB7DB1D4769D800338C40 /* Main.storyboard */ = {isa = PBXFileReference; fileEncoding = 4; lastKnownFileType = file.storyboard; path = Main.storyboard; sourceTree = "<group>"; };
		2BECB7F61D47870100338C40 /* SecondViewController.h */ = {isa = PBXFileReference; fileEncoding = 4; lastKnownFileType = sourcecode.c.h; path = SecondViewController.h; sourceTree = "<group>"; };
		2BECB7F71D47870100338C40 /* SecondViewController.m */ = {isa = PBXFileReference; fileEncoding = 4; lastKnownFileType = sourcecode.c.objc; path = SecondViewController.m; sourceTree = "<group>"; };
/* End PBXFileReference section */

/* Begin PBXFrameworksBuildPhase section */
		2BECB7B61D47634F00338C40 /* Frameworks */ = {
			isa = PBXFrameworksBuildPhase;
			buildActionMask = 2147483647;
			files = (
			);
			runOnlyForDeploymentPostprocessing = 0;
		};
/* End PBXFrameworksBuildPhase section */

/* Begin PBXGroup section */
		2BECB7B01D47634F00338C40 = {
			isa = PBXGroup;
			children = (
				2BECB7BB1D47634F00338C40 /* learnNavigationController */,
				2BECB7BA1D47634F00338C40 /* Products */,
			);
			sourceTree = "<group>";
		};
		2BECB7BA1D47634F00338C40 /* Products */ = {
			isa = PBXGroup;
			children = (
				2BECB7B91D47634F00338C40 /* learnNavigationController.app */,
			);
			name = Products;
			sourceTree = "<group>";
		};
		2BECB7BB1D47634F00338C40 /* learnNavigationController */ = {
			isa = PBXGroup;
			children = (
				2BECB7DB1D4769D800338C40 /* Main.storyboard */,
				2BECB7BF1D47634F00338C40 /* AppDelegate.h */,
				2BECB7C01D47634F00338C40 /* AppDelegate.m */,
				2BECB7D31D47638A00338C40 /* RootViewController.h */,
				2BECB7D41D47638A00338C40 /* RootViewController.m */,
				2BECB7C81D47634F00338C40 /* Assets.xcassets */,
				2BECB7CA1D47634F00338C40 /* LaunchScreen.storyboard */,
				2BECB7CD1D47634F00338C40 /* Info.plist */,
				2BECB7BC1D47634F00338C40 /* Supporting Files */,
				2BECB7F61D47870100338C40 /* SecondViewController.h */,
				2BECB7F71D47870100338C40 /* SecondViewController.m */,
			);
			path = learnNavigationController;
			sourceTree = "<group>";
		};
		2BECB7BC1D47634F00338C40 /* Supporting Files */ = {
			isa = PBXGroup;
			children = (
				2BECB7BD1D47634F00338C40 /* main.m */,
			);
			name = "Supporting Files";
			sourceTree = "<group>";
		};
/* End PBXGroup section */

/* Begin PBXNativeTarget section */
		2BECB7B81D47634F00338C40 /* learnNavigationController */ = {
			isa = PBXNativeTarget;
			buildConfigurationList = 2BECB7D01D47634F00338C40 /* Build configuration list for PBXNativeTarget "learnNavigationController" */;
			buildPhases = (
				2BECB7B51D47634F00338C40 /* Sources */,
				2BECB7B61D47634F00338C40 /* Frameworks */,
				2BECB7B71D47634F00338C40 /* Resources */,
			);
			buildRules = (
			);
			dependencies = (
			);
			name = learnNavigationController;
			productName = learnNavigationController;
			productReference = 2BECB7B91D47634F00338C40 /* learnNavigationController.app */;
			productType = "com.apple.product-type.application";
		};
/* End PBXNativeTarget section */

/* Begin PBXProject section */
		2BECB7B11D47634F00338C40 /* Project object */ = {
			isa = PBXProject;
			attributes = {
				LastUpgradeCheck = 0730;
				ORGANIZATIONNAME = tao;
				TargetAttributes = {
					2BECB7B81D47634F00338C40 = {
						CreatedOnToolsVersion = 7.3.1;
					};
				};
			};
			buildConfigurationList = 2BECB7B41D47634F00338C40 /* Build configuration list for PBXProject "learnNavigationController" */;
			compatibilityVersion = "Xcode 3.2";
			developmentRegion = English;
			hasScannedForEncodings = 0;
			knownRegions = (
				en,
				Base,
			);
			mainGroup = 2BECB7B01D47634F00338C40;
			productRefGroup = 2BECB7BA1D47634F00338C40 /* Products */;
			projectDirPath = "";
			projectRoot = "";
			targets = (
				2BECB7B81D47634F00338C40 /* learnNavigationController */,
			);
		};
/* End PBXProject section */

/* Begin PBXResourcesBuildPhase section */
		2BECB7B71D47634F00338C40 /* Resources */ = {
			isa = PBXResourcesBuildPhase;
			buildActionMask = 2147483647;
			files = (
				2BECB7DC1D4769D800338C40 /* Main.storyboard in Resources */,
				2BECB7CC1D47634F00338C40 /* LaunchScreen.storyboard in Resources */,
				2BECB7C91D47634F00338C40 /* Assets.xcassets in Resources */,
			);
			runOnlyForDeploymentPostprocessing = 0;
		};
/* End PBXResourcesBuildPhase section */

/* Begin PBXSourcesBuildPhase section */
		2BECB7B51D47634F00338C40 /* Sources */ = {
			isa = PBXSourcesBuildPhase;
			buildActionMask = 2147483647;
			files = (
				2BECB7F81D47870100338C40 /* SecondViewController.m in Sources */,
				2BECB7C11D47634F00338C40 /* AppDelegate.m in Sources */,
				2BECB7D51D47638A00338C40 /* RootViewController.m in Sources */,
				2BECB7BE1D47634F00338C40 /* main.m in Sources */,
			);
			runOnlyForDeploymentPostprocessing = 0;
		};
/* End PBXSourcesBuildPhase section */

/* Begin PBXVariantGroup section */
		2BECB7CA1D47634F00338C40 /* LaunchScreen.storyboard */ = {
			isa = PBXVariantGroup;
			children = (
				2BECB7CB1D47634F00338C40 /* Base */,
			);
			name = LaunchScreen.storyboard;
			sourceTree = "<group>";
		};
/* End PBXVariantGroup section */

/* Begin XCBuildConfiguration section */
		2BECB7CE1D47634F00338C40 /* Debug */ = {
			isa = XCBuildConfiguration;
			buildSettings = {
				ALWAYS_SEARCH_USER_PATHS = NO;
				CLANG_ANALYZER_NONNULL = YES;
				CLANG_CXX_LANGUAGE_STANDARD = "gnu++0x";
				CLANG_CXX_LIBRARY = "libc++";
				CLANG_ENABLE_MODULES = YES;
				CLANG_ENABLE_OBJC_ARC = YES;
				CLANG_WARN_BOOL_CONVERSION = YES;
				CLANG_WARN_CONSTANT_CONVERSION = YES;
				CLANG_WARN_DIRECT_OBJC_ISA_USAGE = YES_ERROR;
				CLANG_WARN_EMPTY_BODY = YES;
				CLANG_WARN_ENUM_CONVERSION = YES;
				CLANG_WARN_INT_CONVERSION = YES;
				CLANG_WARN_OBJC_ROOT_CLASS = YES_ERROR;
				CLANG_WARN_UNREACHABLE_CODE = YES;
				CLANG_WARN__DUPLICATE_METHOD_MATCH = YES;
				"CODE_SIGN_IDENTITY[sdk=iphoneos*]" = "iPhone Developer";
				COPY_PHASE_STRIP = NO;
				DEBUG_INFORMATION_FORMAT = dwarf;
				ENABLE_STRICT_OBJC_MSGSEND = YES;
				ENABLE_TESTABILITY = YES;
				GCC_C_LANGUAGE_STANDARD = gnu99;
				GCC_DYNAMIC_NO_PIC = NO;
				GCC_NO_COMMON_BLOCKS = YES;
				GCC_OPTIMIZATION_LEVEL = 0;
				GCC_PREPROCESSOR_DEFINITIONS = (
					"DEBUG=1",
					"$(inherited)",
				);
				GCC_WARN_64_TO_32_BIT_CONVERSION = YES;
				GCC_WARN_ABOUT_RETURN_TYPE = YES_ERROR;
				GCC_WARN_UNDECLARED_SELECTOR = YES;
				GCC_WARN_UNINITIALIZED_AUTOS = YES_AGGRESSIVE;
				GCC_WARN_UNUSED_FUNCTION = YES;
				GCC_WARN_UNUSED_VARIABLE = YES;
				IPHONEOS_DEPLOYMENT_TARGET = 9.3;
				MTL_ENABLE_DEBUG_INFO = YES;
				ONLY_ACTIVE_ARCH = YES;
				SDKROOT = iphoneos;
			};
			name = Debug;
		};
		2BECB7CF1D47634F00338C40 /* Release */ = {
			isa = XCBuildConfiguration;
			buildSettings = {
				ALWAYS_SEARCH_USER_PATHS = NO;
				CLANG_ANALYZER_NONNULL = YES;
				CLANG_CXX_LANGUAGE_STANDARD = "gnu++0x";
				CLANG_CXX_LIBRARY = "libc++";
				CLANG_ENABLE_MODULES = YES;
				CLANG_ENABLE_OBJC_ARC = YES;
				CLANG_WARN_BOOL_CONVERSION = YES;
				CLANG_WARN_CONSTANT_CONVERSION = YES;
				CLANG_WARN_DIRECT_OBJC_ISA_USAGE = YES_ERROR;
				CLANG_WARN_EMPTY_BODY = YES;
				CLANG_WARN_ENUM_CONVERSION = YES;
				CLANG_WARN_INT_CONVERSION = YES;
				CLANG_WARN_OBJC_ROOT_CLASS = YES_ERROR;
				CLANG_WARN_UNREACHABLE_CODE = YES;
				CLANG_WARN__DUPLICATE_METHOD_MATCH = YES;
				"CODE_SIGN_IDENTITY[sdk=iphoneos*]" = "iPhone Developer";
				COPY_PHASE_STRIP = NO;
				DEBUG_INFORMATION_FORMAT = "dwarf-with-dsym";
				ENABLE_NS_ASSERTIONS = NO;
				ENABLE_STRICT_OBJC_MSGSEND = YES;
				GCC_C_LANGUAGE_STANDARD = gnu99;
				GCC_NO_COMMON_BLOCKS = YES;
				GCC_WARN_64_TO_32_BIT_CONVERSION = YES;
				GCC_WARN_ABOUT_RETURN_TYPE = YES_ERROR;
				GCC_WARN_UNDECLARED_SELECTOR = YES;
				GCC_WARN_UNINITIALIZED_AUTOS = YES_AGGRESSIVE;
				GCC_WARN_UNUSED_FUNCTION = YES;
				GCC_WARN_UNUSED_VARIABLE = YES;
				IPHONEOS_DEPLOYMENT_TARGET = 9.3;
				MTL_ENABLE_DEBUG_INFO = NO;
				SDKROOT = iphoneos;
				VALIDATE_PRODUCT = YES;
			};
			name = Release;
		};
		2BECB7D11D47634F00338C40 /* Debug */ = {
			isa = XCBuildConfiguration;
			buildSettings = {
				ASSETCATALOG_COMPILER_APPICON_NAME = AppIcon;
				INFOPLIST_FILE = learnNavigationController/Info.plist;
				LD_RUNPATH_SEARCH_PATHS = "$(inherited) @executable_path/Frameworks";
				PRODUCT_BUNDLE_IDENTIFIER = yidian.learnNavigationController;
				PRODUCT_NAME = "$(TARGET_NAME)";
			};
			name = Debug;
		};
		2BECB7D21D47634F00338C40 /* Release */ = {
			isa = XCBuildConfiguration;
			buildSettings = {
				ASSETCATALOG_COMPILER_APPICON_NAME = AppIcon;
				INFOPLIST_FILE = learnNavigationController/Info.plist;
				LD_RUNPATH_SEARCH_PATHS = "$(inherited) @executable_path/Frameworks";
				PRODUCT_BUNDLE_IDENTIFIER = yidian.learnNavigationController;
				PRODUCT_NAME = "$(TARGET_NAME)";
			};
			name = Release;
		};
/* End XCBuildConfiguration section */

/* Begin XCConfigurationList section */
		2BECB7B41D47634F00338C40 /* Build configuration list for PBXProject "learnNavigationController" */ = {
			isa = XCConfigurationList;
			buildConfigurations = (
				2BECB7CE1D47634F00338C40 /* Debug */,
				2BECB7CF1D47634F00338C40 /* Release */,
			);
			defaultConfigurationIsVisible = 0;
			defaultConfigurationName = Release;
		};
		2BECB7D01D47634F00338C40 /* Build configuration list for PBXNativeTarget "learnNavigationController" */ = {
			isa = XCConfigurationList;
			buildConfigurations = (
				2BECB7D11D47634F00338C40 /* Debug */,
				2BECB7D21D47634F00338C40 /* Release */,
			);
			defaultConfigurationIsVisible = 0;
			defaultConfigurationName = Release;
		};
/* End XCConfigurationList section */
	};
	rootObject = 2BECB7B11D47634F00338C40 /* Project object */;
}
