// !$*UTF8*$!
{
	archiveVersion = 1;
	classes = {
	};
	objectVersion = 46;
	objects = {

/* Begin PBXBuildFile section */
		2BD78B141D61AE8000E06C02 /* main.m in Sources */ = {isa = PBXBuildFile; fileRef = 2BD78B131D61AE8000E06C02 /* main.m */; };
		2BD78B1D1D61AE8000E06C02 /* Main.storyboard in Resources */ = {isa = PBXBuildFile; fileRef = 2BD78B1B1D61AE8000E06C02 /* Main.storyboard */; };
		2BD78B1F1D61AE8000E06C02 /* Assets.xcassets in Resources */ = {isa = PBXBuildFile; fileRef = 2BD78B1E1D61AE8000E06C02 /* Assets.xcassets */; };
		2BD78B221D61AE8000E06C02 /* LaunchScreen.storyboard in Resources */ = {isa = PBXBuildFile; fileRef = 2BD78B201D61AE8000E06C02 /* LaunchScreen.storyboard */; };
		2BD78B2B1D61AFDC00E06C02 /* SearchViewController.m in Sources */ = {isa = PBXBuildFile; fileRef = 2BD78B2A1D61AFDC00E06C02 /* SearchViewController.m */; };
		2BD78B6A1D6448B200E06C02 /* AppDelegate.m in Sources */ = {isa = PBXBuildFile; fileRef = 2BD78B691D6448B200E06C02 /* AppDelegate.m */; };
/* End PBXBuildFile section */

/* Begin PBXFileReference section */
		2BD78B0F1D61AE8000E06C02 /* UISearchBar.app */ = {isa = PBXFileReference; explicitFileType = wrapper.application; includeInIndex = 0; path = UISearchBar.app; sourceTree = BUILT_PRODUCTS_DIR; };
		2BD78B131D61AE8000E06C02 /* main.m */ = {isa = PBXFileReference; lastKnownFileType = sourcecode.c.objc; path = main.m; sourceTree = "<group>"; };
		2BD78B1C1D61AE8000E06C02 /* Base */ = {isa = PBXFileReference; lastKnownFileType = file.storyboard; name = Base; path = Base.lproj/Main.storyboard; sourceTree = "<group>"; };
		2BD78B1E1D61AE8000E06C02 /* Assets.xcassets */ = {isa = PBXFileReference; lastKnownFileType = folder.assetcatalog; path = Assets.xcassets; sourceTree = "<group>"; };
		2BD78B211D61AE8000E06C02 /* Base */ = {isa = PBXFileReference; lastKnownFileType = file.storyboard; name = Base; path = Base.lproj/LaunchScreen.storyboard; sourceTree = "<group>"; };
		2BD78B231D61AE8000E06C02 /* Info.plist */ = {isa = PBXFileReference; lastKnownFileType = text.plist.xml; path = Info.plist; sourceTree = "<group>"; };
		2BD78B291D61AFDC00E06C02 /* SearchViewController.h */ = {isa = PBXFileReference; fileEncoding = 4; lastKnownFileType = sourcecode.c.h; path = SearchViewController.h; sourceTree = "<group>"; };
		2BD78B2A1D61AFDC00E06C02 /* SearchViewController.m */ = {isa = PBXFileReference; fileEncoding = 4; lastKnownFileType = sourcecode.c.objc; path = SearchViewController.m; sourceTree = "<group>"; };
		2BD78B681D6448B200E06C02 /* AppDelegate.h */ = {isa = PBXFileReference; fileEncoding = 4; lastKnownFileType = sourcecode.c.h; path = AppDelegate.h; sourceTree = "<group>"; };
		2BD78B691D6448B200E06C02 /* AppDelegate.m */ = {isa = PBXFileReference; fileEncoding = 4; lastKnownFileType = sourcecode.c.objc; path = AppDelegate.m; sourceTree = "<group>"; };
/* End PBXFileReference section */

/* Begin PBXFrameworksBuildPhase section */
		2BD78B0C1D61AE8000E06C02 /* Frameworks */ = {
			isa = PBXFrameworksBuildPhase;
			buildActionMask = 2147483647;
			files = (
			);
			runOnlyForDeploymentPostprocessing = 0;
		};
/* End PBXFrameworksBuildPhase section */

/* Begin PBXGroup section */
		2BD78B061D61AE8000E06C02 = {
			isa = PBXGroup;
			children = (
				2BD78B111D61AE8000E06C02 /* UISearchBar */,
				2BD78B101D61AE8000E06C02 /* Products */,
			);
			sourceTree = "<group>";
		};
		2BD78B101D61AE8000E06C02 /* Products */ = {
			isa = PBXGroup;
			children = (
				2BD78B0F1D61AE8000E06C02 /* UISearchBar.app */,
			);
			name = Products;
			sourceTree = "<group>";
		};
		2BD78B111D61AE8000E06C02 /* UISearchBar */ = {
			isa = PBXGroup;
			children = (
				2BD78B681D6448B200E06C02 /* AppDelegate.h */,
				2BD78B691D6448B200E06C02 /* AppDelegate.m */,
				2BD78B1B1D61AE8000E06C02 /* Main.storyboard */,
				2BD78B1E1D61AE8000E06C02 /* Assets.xcassets */,
				2BD78B121D61AE8000E06C02 /* Supporting Files */,
				2BD78B291D61AFDC00E06C02 /* SearchViewController.h */,
				2BD78B2A1D61AFDC00E06C02 /* SearchViewController.m */,
			);
			path = UISearchBar;
			sourceTree = "<group>";
		};
		2BD78B121D61AE8000E06C02 /* Supporting Files */ = {
			isa = PBXGroup;
			children = (
				2BD78B201D61AE8000E06C02 /* LaunchScreen.storyboard */,
				2BD78B231D61AE8000E06C02 /* Info.plist */,
				2BD78B131D61AE8000E06C02 /* main.m */,
			);
			name = "Supporting Files";
			sourceTree = "<group>";
		};
/* End PBXGroup section */

/* Begin PBXNativeTarget section */
		2BD78B0E1D61AE8000E06C02 /* UISearchBar */ = {
			isa = PBXNativeTarget;
			buildConfigurationList = 2BD78B261D61AE8000E06C02 /* Build configuration list for PBXNativeTarget "UISearchBar" */;
			buildPhases = (
				2BD78B0B1D61AE8000E06C02 /* Sources */,
				2BD78B0C1D61AE8000E06C02 /* Frameworks */,
				2BD78B0D1D61AE8000E06C02 /* Resources */,
			);
			buildRules = (
			);
			dependencies = (
			);
			name = UISearchBar;
			productName = UISearchBar;
			productReference = 2BD78B0F1D61AE8000E06C02 /* UISearchBar.app */;
			productType = "com.apple.product-type.application";
		};
/* End PBXNativeTarget section */

/* Begin PBXProject section */
		2BD78B071D61AE8000E06C02 /* Project object */ = {
			isa = PBXProject;
			attributes = {
				LastUpgradeCheck = 0730;
				ORGANIZATIONNAME = tao;
				TargetAttributes = {
					2BD78B0E1D61AE8000E06C02 = {
						CreatedOnToolsVersion = 7.3.1;
					};
				};
			};
			buildConfigurationList = 2BD78B0A1D61AE8000E06C02 /* Build configuration list for PBXProject "UISearchBar" */;
			compatibilityVersion = "Xcode 3.2";
			developmentRegion = English;
			hasScannedForEncodings = 0;
			knownRegions = (
				en,
				Base,
			);
			mainGroup = 2BD78B061D61AE8000E06C02;
			productRefGroup = 2BD78B101D61AE8000E06C02 /* Products */;
			projectDirPath = "";
			projectRoot = "";
			targets = (
				2BD78B0E1D61AE8000E06C02 /* UISearchBar */,
			);
		};
/* End PBXProject section */

/* Begin PBXResourcesBuildPhase section */
		2BD78B0D1D61AE8000E06C02 /* Resources */ = {
			isa = PBXResourcesBuildPhase;
			buildActionMask = 2147483647;
			files = (
				2BD78B221D61AE8000E06C02 /* LaunchScreen.storyboard in Resources */,
				2BD78B1F1D61AE8000E06C02 /* Assets.xcassets in Resources */,
				2BD78B1D1D61AE8000E06C02 /* Main.storyboard in Resources */,
			);
			runOnlyForDeploymentPostprocessing = 0;
		};
/* End PBXResourcesBuildPhase section */

/* Begin PBXSourcesBuildPhase section */
		2BD78B0B1D61AE8000E06C02 /* Sources */ = {
			isa = PBXSourcesBuildPhase;
			buildActionMask = 2147483647;
			files = (
				2BD78B2B1D61AFDC00E06C02 /* SearchViewController.m in Sources */,
				2BD78B141D61AE8000E06C02 /* main.m in Sources */,
				2BD78B6A1D6448B200E06C02 /* AppDelegate.m in Sources */,
			);
			runOnlyForDeploymentPostprocessing = 0;
		};
/* End PBXSourcesBuildPhase section */

/* Begin PBXVariantGroup section */
		2BD78B1B1D61AE8000E06C02 /* Main.storyboard */ = {
			isa = PBXVariantGroup;
			children = (
				2BD78B1C1D61AE8000E06C02 /* Base */,
			);
			name = Main.storyboard;
			sourceTree = "<group>";
		};
		2BD78B201D61AE8000E06C02 /* LaunchScreen.storyboard */ = {
			isa = PBXVariantGroup;
			children = (
				2BD78B211D61AE8000E06C02 /* Base */,
			);
			name = LaunchScreen.storyboard;
			sourceTree = "<group>";
		};
/* End PBXVariantGroup section */

/* Begin XCBuildConfiguration section */
		2BD78B241D61AE8000E06C02 /* Debug */ = {
			isa = XCBuildConfiguration;
			buildSettings = {
				ALWAYS_SEARCH_USER_PATHS = NO;
				CLANG_ANALYZER_NONNULL = YES;
				CLANG_CXX_LANGUAGE_STANDARD = "gnu++0x";
				CLANG_CXX_LIBRARY = "libc++";
				CLANG_ENABLE_MODULES = YES;
				CLANG_ENABLE_OBJC_ARC = YES;
				CLANG_WARN_BOOL_CONVERSION = YES;
				CLANG_WARN_CONSTANT_CONVERSION = YES;
				CLANG_WARN_DIRECT_OBJC_ISA_USAGE = YES_ERROR;
				CLANG_WARN_EMPTY_BODY = YES;
				CLANG_WARN_ENUM_CONVERSION = YES;
				CLANG_WARN_INT_CONVERSION = YES;
				CLANG_WARN_OBJC_ROOT_CLASS = YES_ERROR;
				CLANG_WARN_UNREACHABLE_CODE = YES;
				CLANG_WARN__DUPLICATE_METHOD_MATCH = YES;
				"CODE_SIGN_IDENTITY[sdk=iphoneos*]" = "iPhone Developer";
				COPY_PHASE_STRIP = NO;
				DEBUG_INFORMATION_FORMAT = dwarf;
				ENABLE_STRICT_OBJC_MSGSEND = YES;
				ENABLE_TESTABILITY = YES;
				GCC_C_LANGUAGE_STANDARD = gnu99;
				GCC_DYNAMIC_NO_PIC = NO;
				GCC_NO_COMMON_BLOCKS = YES;
				GCC_OPTIMIZATION_LEVEL = 0;
				GCC_PREPROCESSOR_DEFINITIONS = (
					"DEBUG=1",
					"$(inherited)",
				);
				GCC_WARN_64_TO_32_BIT_CONVERSION = YES;
				GCC_WARN_ABOUT_RETURN_TYPE = YES_ERROR;
				GCC_WARN_UNDECLARED_SELECTOR = YES;
				GCC_WARN_UNINITIALIZED_AUTOS = YES_AGGRESSIVE;
				GCC_WARN_UNUSED_FUNCTION = YES;
				GCC_WARN_UNUSED_VARIABLE = YES;
				IPHONEOS_DEPLOYMENT_TARGET = 9.3;
				MTL_ENABLE_DEBUG_INFO = YES;
				ONLY_ACTIVE_ARCH = YES;
				SDKROOT = iphoneos;
			};
			name = Debug;
		};
		2BD78B251D61AE8000E06C02 /* Release */ = {
			isa = XCBuildConfiguration;
			buildSettings = {
				ALWAYS_SEARCH_USER_PATHS = NO;
				CLANG_ANALYZER_NONNULL = YES;
				CLANG_CXX_LANGUAGE_STANDARD = "gnu++0x";
				CLANG_CXX_LIBRARY = "libc++";
				CLANG_ENABLE_MODULES = YES;
				CLANG_ENABLE_OBJC_ARC = YES;
				CLANG_WARN_BOOL_CONVERSION = YES;
				CLANG_WARN_CONSTANT_CONVERSION = YES;
				CLANG_WARN_DIRECT_OBJC_ISA_USAGE = YES_ERROR;
				CLANG_WARN_EMPTY_BODY = YES;
				CLANG_WARN_ENUM_CONVERSION = YES;
				CLANG_WARN_INT_CONVERSION = YES;
				CLANG_WARN_OBJC_ROOT_CLASS = YES_ERROR;
				CLANG_WARN_UNREACHABLE_CODE = YES;
				CLANG_WARN__DUPLICATE_METHOD_MATCH = YES;
				"CODE_SIGN_IDENTITY[sdk=iphoneos*]" = "iPhone Developer";
				COPY_PHASE_STRIP = NO;
				DEBUG_INFORMATION_FORMAT = "dwarf-with-dsym";
				ENABLE_NS_ASSERTIONS = NO;
				ENABLE_STRICT_OBJC_MSGSEND = YES;
				GCC_C_LANGUAGE_STANDARD = gnu99;
				GCC_NO_COMMON_BLOCKS = YES;
				GCC_WARN_64_TO_32_BIT_CONVERSION = YES;
				GCC_WARN_ABOUT_RETURN_TYPE = YES_ERROR;
				GCC_WARN_UNDECLARED_SELECTOR = YES;
				GCC_WARN_UNINITIALIZED_AUTOS = YES_AGGRESSIVE;
				GCC_WARN_UNUSED_FUNCTION = YES;
				GCC_WARN_UNUSED_VARIABLE = YES;
				IPHONEOS_DEPLOYMENT_TARGET = 9.3;
				MTL_ENABLE_DEBUG_INFO = NO;
				SDKROOT = iphoneos;
				VALIDATE_PRODUCT = YES;
			};
			name = Release;
		};
		2BD78B271D61AE8000E06C02 /* Debug */ = {
			isa = XCBuildConfiguration;
			buildSettings = {
				ASSETCATALOG_COMPILER_APPICON_NAME = AppIcon;
				INFOPLIST_FILE = UISearchBar/Info.plist;
				LD_RUNPATH_SEARCH_PATHS = "$(inherited) @executable_path/Frameworks";
				PRODUCT_BUNDLE_IDENTIFIER = yidian.UISearchBar;
				PRODUCT_NAME = "$(TARGET_NAME)";
			};
			name = Debug;
		};
		2BD78B281D61AE8000E06C02 /* Release */ = {
			isa = XCBuildConfiguration;
			buildSettings = {
				ASSETCATALOG_COMPILER_APPICON_NAME = AppIcon;
				INFOPLIST_FILE = UISearchBar/Info.plist;
				LD_RUNPATH_SEARCH_PATHS = "$(inherited) @executable_path/Frameworks";
				PRODUCT_BUNDLE_IDENTIFIER = yidian.UISearchBar;
				PRODUCT_NAME = "$(TARGET_NAME)";
			};
			name = Release;
		};
/* End XCBuildConfiguration section */

/* Begin XCConfigurationList section */
		2BD78B0A1D61AE8000E06C02 /* Build configuration list for PBXProject "UISearchBar" */ = {
			isa = XCConfigurationList;
			buildConfigurations = (
				2BD78B241D61AE8000E06C02 /* Debug */,
				2BD78B251D61AE8000E06C02 /* Release */,
			);
			defaultConfigurationIsVisible = 0;
			defaultConfigurationName = Release;
		};
		2BD78B261D61AE8000E06C02 /* Build configuration list for PBXNativeTarget "UISearchBar" */ = {
			isa = XCConfigurationList;
			buildConfigurations = (
				2BD78B271D61AE8000E06C02 /* Debug */,
				2BD78B281D61AE8000E06C02 /* Release */,
			);
			defaultConfigurationIsVisible = 0;
			defaultConfigurationName = Release;
		};
/* End XCConfigurationList section */
	};
	rootObject = 2BD78B071D61AE8000E06C02 /* Project object */;
}
